
Microsoft Visual Studio Solution File, Format Version 12.00
# Visual Studio Version 17
VisualStudioVersion = 17.4.33205.214
MinimumVisualStudioVersion = 10.0.40219.1
Project("{9A19103F-16F7-4668-BE54-9A1E7A4F7556}") = "MusicApp.WebApi", "MusicApp\MusicApp.WebApi.csproj", "{D42864BE-3EAD-4E30-9089-18DD79AFA7A3}"
EndProject
Global
	GlobalSection(SolutionConfigurationPlatforms) = preSolution
		Debug|Any CPU = Debug|Any CPU
		Release|Any CPU = Release|Any CPU
	EndGlobalSection
	GlobalSection(ProjectConfigurationPlatforms) = postSolution
		{D42864BE-3EAD-4E30-9089-18DD79AFA7A3}.Debug|Any CPU.ActiveCfg = Debug|Any CPU
		{D42864BE-3EAD-4E30-9089-18DD79AFA7A3}.Debug|Any CPU.Build.0 = Debug|Any CPU
		{D42864BE-3EAD-4E30-9089-18DD79AFA7A3}.Release|Any CPU.ActiveCfg = Release|Any CPU
		{D42864BE-3EAD-4E30-9089-18DD79AFA7A3}.Release|Any CPU.Build.0 = Release|Any CPU
	EndGlobalSection
	GlobalSection(SolutionProperties) = preSolution
		HideSolutionNode = FALSE
	EndGlobalSection
	GlobalSection(ExtensibilityGlobals) = postSolution
		SolutionGuid = {CD0EBB5F-9872-48D2-86E8-74DAEE0D9060}
	EndGlobalSection
EndGlobal
